
Microsoft Visual Studio Solution File, Format Version 12.00
# Visual Studio Version 17
VisualStudioVersion = 17.9.34728.123
MinimumVisualStudioVersion = 10.0.40219.1
Project("{FAE04EC0-301F-11D3-BF4B-00C04F79EFBC}") = "CuponesWS", "CuponesWS\CuponesWS.csproj", "{87B7C1E2-61A0-4648-A92E-6D46F3727F6D}"
EndProject
Global
	GlobalSection(SolutionConfigurationPlatforms) = preSolution
		Debug|Any CPU = Debug|Any CPU
		Release|Any CPU = Release|Any CPU
	EndGlobalSection
	GlobalSection(ProjectConfigurationPlatforms) = postSolution
		{87B7C1E2-61A0-4648-A92E-6D46F3727F6D}.Debug|Any CPU.ActiveCfg = Debug|Any CPU
		{87B7C1E2-61A0-4648-A92E-6D46F3727F6D}.Debug|Any CPU.Build.0 = Debug|Any CPU
		{87B7C1E2-61A0-4648-A92E-6D46F3727F6D}.Release|Any CPU.ActiveCfg = Release|Any CPU
		{87B7C1E2-61A0-4648-A92E-6D46F3727F6D}.Release|Any CPU.Build.0 = Release|Any CPU
	EndGlobalSection
	GlobalSection(SolutionProperties) = preSolution
		HideSolutionNode = FALSE
	EndGlobalSection
	GlobalSection(ExtensibilityGlobals) = postSolution
		SolutionGuid = {220E5EBA-5761-4C21-AD2D-C2733470456B}
	EndGlobalSection
EndGlobal
